
Microsoft Visual Studio Solution File, Format Version 12.00
# Visual Studio Version 17
VisualStudioVersion = 17.8.34322.80
MinimumVisualStudioVersion = 10.0.40219.1
Project("{FAE04EC0-301F-11D3-BF4B-00C04F79EFBC}") = "GitHubMetics", "GitHubMetics\GitHubMetics.csproj", "{2974B53A-3E5C-46CD-8AC7-4A8B9C2099D5}"
EndProject
Global
	GlobalSection(SolutionConfigurationPlatforms) = preSolution
		Debug|Any CPU = Debug|Any CPU
		Release|Any CPU = Release|Any CPU
	EndGlobalSection
	GlobalSection(ProjectConfigurationPlatforms) = postSolution
		{2974B53A-3E5C-46CD-8AC7-4A8B9C2099D5}.Debug|Any CPU.ActiveCfg = Debug|Any CPU
		{2974B53A-3E5C-46CD-8AC7-4A8B9C2099D5}.Debug|Any CPU.Build.0 = Debug|Any CPU
		{2974B53A-3E5C-46CD-8AC7-4A8B9C2099D5}.Release|Any CPU.ActiveCfg = Release|Any CPU
		{2974B53A-3E5C-46CD-8AC7-4A8B9C2099D5}.Release|Any CPU.Build.0 = Release|Any CPU
	EndGlobalSection
	GlobalSection(SolutionProperties) = preSolution
		HideSolutionNode = FALSE
	EndGlobalSection
	GlobalSection(ExtensibilityGlobals) = postSolution
		SolutionGuid = {9AD5CACB-BEC5-4101-B294-1CEE46A63583}
	EndGlobalSection
EndGlobal
